
Microsoft Visual Studio Solution File, Format Version 12.00
# Visual Studio Version 17
VisualStudioVersion = 17.11.35303.130
MinimumVisualStudioVersion = 10.0.40219.1
Project("{F184B08F-C81C-45F6-A57F-5ABD9991F28F}") = "vb_crystal_report", "vb_crystal_report.vbproj", "{DC2F1201-E5B9-4BF1-A4C8-E7C7C2F5E821}"
EndProject
Global
	GlobalSection(SolutionConfigurationPlatforms) = preSolution
		Debug|Any CPU = Debug|Any CPU
		Release|Any CPU = Release|Any CPU
	EndGlobalSection
	GlobalSection(ProjectConfigurationPlatforms) = postSolution
		{DC2F1201-E5B9-4BF1-A4C8-E7C7C2F5E821}.Debug|Any CPU.ActiveCfg = Debug|Any CPU
		{DC2F1201-E5B9-4BF1-A4C8-E7C7C2F5E821}.Debug|Any CPU.Build.0 = Debug|Any CPU
		{DC2F1201-E5B9-4BF1-A4C8-E7C7C2F5E821}.Release|Any CPU.ActiveCfg = Release|Any CPU
		{DC2F1201-E5B9-4BF1-A4C8-E7C7C2F5E821}.Release|Any CPU.Build.0 = Release|Any CPU
	EndGlobalSection
	GlobalSection(SolutionProperties) = preSolution
		HideSolutionNode = FALSE
	EndGlobalSection
	GlobalSection(ExtensibilityGlobals) = postSolution
		SolutionGuid = {47852EA5-426E-4457-87BC-2713B73E1116}
	EndGlobalSection
EndGlobal
